{
  "version": 4,
  "terraform_version": "1.13.4",
  "serial": 6,
  "lineage": "450b5fbb-25f5-9ddc-5c33-6d79ad3752eb",
  "outputs": {
    "production_url": {
      "value": "https://expense-recorder-webapp123.azurewebsites.net",
      "type": "string"
    },
    "staging_url": {
      "value": "https://expense-recorder-webapp123-staging.azurewebsites.net",
      "type": "string"
    }
  },
  "resources": [
    {
      "mode": "managed",
      "type": "azurerm_app_service",
      "name": "app",
      "provider": "provider[\"registry.terraform.io/hashicorp/azurerm\"]",
      "instances": [
        {
          "schema_version": 0,
          "attributes": {
            "app_service_plan_id": "/subscriptions/f815634a-f591-4eb8-80df-fbcedf4290d6/resourceGroups/rg-expense-recorder/providers/Microsoft.Web/serverFarms/expense-recorder-webapp123-plan",
            "app_settings": {
              "WEBSITES_PORT": "3000"
            },
            "auth_settings": [
              {
                "active_directory": [],
                "additional_login_params": {},
                "allowed_external_redirect_urls": [],
                "default_provider": "",
                "enabled": false,
                "facebook": [],
                "google": [],
                "issuer": "",
                "microsoft": [],
                "runtime_version": "",
                "token_refresh_extension_hours": 0,
                "token_store_enabled": false,
                "twitter": [],
                "unauthenticated_client_action": ""
              }
            ],
            "backup": [],
            "client_affinity_enabled": false,
            "client_cert_enabled": false,
            "client_cert_mode": "Required",
            "connection_string": [],
            "custom_domain_verification_id": "0FF207497E15291DAA99C04962E072B6916A0935581CA4CF08DD6D4B8A99B0B4",
            "default_site_hostname": "expense-recorder-webapp123.azurewebsites.net",
            "enabled": true,
            "https_only": false,
            "id": "/subscriptions/f815634a-f591-4eb8-80df-fbcedf4290d6/resourceGroups/rg-expense-recorder/providers/Microsoft.Web/sites/expense-recorder-webapp123",
            "identity": [],
            "key_vault_reference_identity_id": "SystemAssigned",
            "location": "centralindia",
            "logs": [
              {
                "application_logs": [
                  {
                    "azure_blob_storage": [],
                    "file_system_level": "Off"
                  }
                ],
                "detailed_error_messages_enabled": false,
                "failed_request_tracing_enabled": false,
                "http_logs": [
                  {
                    "azure_blob_storage": [],
                    "file_system": []
                  }
                ]
              }
            ],
            "name": "expense-recorder-webapp123",
            "outbound_ip_address_list": [
              "52.140.85.233",
              "20.235.213.131",
              "52.140.86.1",
              "52.140.86.2",
              "98.70.235.214",
              "20.235.214.91",
              "4.188.90.255",
              "135.235.234.142",
              "4.188.93.36",
              "98.70.234.152",
              "135.235.242.143",
              "135.235.249.90",
              "20.192.171.4"
            ],
            "outbound_ip_addresses": "52.140.85.233,20.235.213.131,52.140.86.1,52.140.86.2,98.70.235.214,20.235.214.91,4.188.90.255,135.235.234.142,4.188.93.36,98.70.234.152,135.235.242.143,135.235.249.90,20.192.171.4",
            "possible_outbound_ip_address_list": [
              "52.140.85.233",
              "20.235.213.131",
              "52.140.86.1",
              "52.140.86.2",
              "98.70.235.214",
              "20.235.214.91",
              "4.188.90.255",
              "135.235.234.142",
              "4.188.93.36",
              "98.70.234.152",
              "135.235.242.143",
              "135.235.249.90",
              "20.235.212.252",
              "135.235.243.23",
              "52.140.84.233",
              "135.235.212.139",
              "40.81.254.192",
              "40.81.254.199",
              "135.235.234.167",
              "98.70.217.102",
              "98.70.234.208",
              "52.140.85.41",
              "52.140.85.119",
              "135.235.188.33",
              "135.235.234.174",
              "135.235.243.169",
              "135.235.244.7",
              "135.235.244.178",
              "20.235.215.2",
              "135.235.188.39",
              "20.192.171.4"
            ],
            "possible_outbound_ip_addresses": "52.140.85.233,20.235.213.131,52.140.86.1,52.140.86.2,98.70.235.214,20.235.214.91,4.188.90.255,135.235.234.142,4.188.93.36,98.70.234.152,135.235.242.143,135.235.249.90,20.235.212.252,135.235.243.23,52.140.84.233,135.235.212.139,40.81.254.192,40.81.254.199,135.235.234.167,98.70.217.102,98.70.234.208,52.140.85.41,52.140.85.119,135.235.188.33,135.235.234.174,135.235.243.169,135.235.244.7,135.235.244.178,20.235.215.2,135.235.188.39,20.192.171.4",
            "resource_group_name": "rg-expense-recorder",
            "site_config": [
              {
                "acr_use_managed_identity_credentials": false,
                "acr_user_managed_identity_client_id": "",
                "always_on": false,
                "app_command_line": "",
                "auto_swap_slot_name": "",
                "cors": [
                  {
                    "allowed_origins": [],
                    "support_credentials": false
                  }
                ],
                "default_documents": null,
                "dotnet_framework_version": "v4.0",
                "ftps_state": "FtpsOnly",
                "health_check_path": "",
                "http2_enabled": false,
                "ip_restriction": [],
                "java_container": "",
                "java_container_version": "",
                "java_version": "",
                "linux_fx_version": "NODE|18-lts",
                "local_mysql_enabled": false,
                "managed_pipeline_mode": "Integrated",
                "min_tls_version": "1.2",
                "number_of_workers": 1,
                "php_version": "",
                "python_version": "",
                "remote_debugging_enabled": false,
                "remote_debugging_version": "VS2022",
                "scm_ip_restriction": [],
                "scm_type": "None",
                "scm_use_main_ip_restriction": false,
                "use_32_bit_worker_process": false,
                "vnet_route_all_enabled": false,
                "websockets_enabled": false,
                "windows_fx_version": ""
              }
            ],
            "site_credential": [
              {
                "password": "hofbtsNMp57syn7Df0F3mlgSFS4pj6wWtysoiiM5ernyk3Wwv8X9zYEB6P87",
                "username": "$expense-recorder-webapp123"
              }
            ],
            "source_control": [
              {
                "branch": "main",
                "manual_integration": false,
                "repo_url": "",
                "rollback_enabled": false,
                "use_mercurial": false
              }
            ],
            "storage_account": [],
            "tags": null,
            "timeouts": null
          },
          "sensitive_attributes": [],
          "identity_schema_version": 0,
          "private": "eyJlMmJmYjczMC1lY2FhLTExZTYtOGY4OC0zNDM2M2JjN2M0YzAiOnsiY3JlYXRlIjoxODAwMDAwMDAwMDAwLCJkZWxldGUiOjE4MDAwMDAwMDAwMDAsInJlYWQiOjMwMDAwMDAwMDAwMCwidXBkYXRlIjoxODAwMDAwMDAwMDAwfX0=",
          "dependencies": [
            "azurerm_app_service_plan.plan",
            "azurerm_resource_group.rg"
          ]
        }
      ]
    },
    {
      "mode": "managed",
      "type": "azurerm_app_service_active_slot",
      "name": "swap_to_staging",
      "provider": "provider[\"registry.terraform.io/hashicorp/azurerm\"]",
      "instances": [
        {
          "schema_version": 0,
          "attributes": {
            "app_service_name": "expense-recorder-webapp123",
            "app_service_slot_name": "staging",
            "id": "/subscriptions/f815634a-f591-4eb8-80df-fbcedf4290d6/resourceGroups/rg-expense-recorder/providers/Microsoft.Web/sites/expense-recorder-webapp123",
            "resource_group_name": "rg-expense-recorder",
            "timeouts": null
          },
          "sensitive_attributes": [],
          "identity_schema_version": 0,
          "private": "eyJlMmJmYjczMC1lY2FhLTExZTYtOGY4OC0zNDM2M2JjN2M0YzAiOnsiY3JlYXRlIjoxODAwMDAwMDAwMDAwLCJkZWxldGUiOjE4MDAwMDAwMDAwMDAsInJlYWQiOjMwMDAwMDAwMDAwMCwidXBkYXRlIjoxODAwMDAwMDAwMDAwfX0=",
          "dependencies": [
            "azurerm_app_service.app",
            "azurerm_app_service_plan.plan",
            "azurerm_app_service_slot.staging",
            "azurerm_resource_group.rg"
          ]
        }
      ]
    },
    {
      "mode": "managed",
      "type": "azurerm_app_service_plan",
      "name": "plan",
      "provider": "provider[\"registry.terraform.io/hashicorp/azurerm\"]",
      "instances": [
        {
          "schema_version": 1,
          "attributes": {
            "app_service_environment_id": "",
            "id": "/subscriptions/f815634a-f591-4eb8-80df-fbcedf4290d6/resourceGroups/rg-expense-recorder/providers/Microsoft.Web/serverFarms/expense-recorder-webapp123-plan",
            "is_xenon": false,
            "kind": "linux",
            "location": "centralindia",
            "maximum_elastic_worker_count": 1,
            "maximum_number_of_workers": 10,
            "name": "expense-recorder-webapp123-plan",
            "per_site_scaling": false,
            "reserved": true,
            "resource_group_name": "rg-expense-recorder",
            "sku": [
              {
                "capacity": 1,
                "size": "S1",
                "tier": "Standard"
              }
            ],
            "tags": null,
            "timeouts": null,
            "zone_redundant": false
          },
          "sensitive_attributes": [],
          "identity_schema_version": 0,
          "private": "eyJlMmJmYjczMC1lY2FhLTExZTYtOGY4OC0zNDM2M2JjN2M0YzAiOnsiY3JlYXRlIjozNjAwMDAwMDAwMDAwLCJkZWxldGUiOjM2MDAwMDAwMDAwMDAsInJlYWQiOjMwMDAwMDAwMDAwMCwidXBkYXRlIjozNjAwMDAwMDAwMDAwfSwic2NoZW1hX3ZlcnNpb24iOiIxIn0=",
          "dependencies": [
            "azurerm_resource_group.rg"
          ]
        }
      ]
    },
    {
      "mode": "managed",
      "type": "azurerm_app_service_slot",
      "name": "staging",
      "provider": "provider[\"registry.terraform.io/hashicorp/azurerm\"]",
      "instances": [
        {
          "schema_version": 0,
          "attributes": {
            "app_service_name": "expense-recorder-webapp123",
            "app_service_plan_id": "/subscriptions/f815634a-f591-4eb8-80df-fbcedf4290d6/resourceGroups/rg-expense-recorder/providers/Microsoft.Web/serverFarms/expense-recorder-webapp123-plan",
            "app_settings": {
              "WEBSITES_PORT": "3000"
            },
            "auth_settings": [
              {
                "active_directory": [],
                "additional_login_params": {},
                "allowed_external_redirect_urls": [],
                "default_provider": "",
                "enabled": false,
                "facebook": [],
                "google": [],
                "issuer": "",
                "microsoft": [],
                "runtime_version": "",
                "token_refresh_extension_hours": 0,
                "token_store_enabled": false,
                "twitter": [],
                "unauthenticated_client_action": ""
              }
            ],
            "client_affinity_enabled": false,
            "connection_string": [],
            "default_site_hostname": "expense-recorder-webapp123-staging.azurewebsites.net",
            "enabled": true,
            "https_only": false,
            "id": "/subscriptions/f815634a-f591-4eb8-80df-fbcedf4290d6/resourceGroups/rg-expense-recorder/providers/Microsoft.Web/sites/expense-recorder-webapp123/slots/staging",
            "identity": [],
            "key_vault_reference_identity_id": "SystemAssigned",
            "location": "centralindia",
            "logs": [
              {
                "application_logs": [
                  {
                    "azure_blob_storage": [],
                    "file_system_level": "Off"
                  }
                ],
                "detailed_error_messages_enabled": false,
                "failed_request_tracing_enabled": false,
                "http_logs": [
                  {
                    "azure_blob_storage": [],
                    "file_system": []
                  }
                ]
              }
            ],
            "name": "staging",
            "resource_group_name": "rg-expense-recorder",
            "site_config": [
              {
                "acr_use_managed_identity_credentials": false,
                "acr_user_managed_identity_client_id": "",
                "always_on": false,
                "app_command_line": "",
                "auto_swap_slot_name": "",
                "cors": [
                  {
                    "allowed_origins": [],
                    "support_credentials": false
                  }
                ],
                "default_documents": null,
                "dotnet_framework_version": "v4.0",
                "ftps_state": "FtpsOnly",
                "health_check_path": "",
                "http2_enabled": false,
                "ip_restriction": [],
                "java_container": "",
                "java_container_version": "",
                "java_version": "",
                "linux_fx_version": "NODE|18-lts",
                "local_mysql_enabled": false,
                "managed_pipeline_mode": "Integrated",
                "min_tls_version": "1.2",
                "number_of_workers": 1,
                "php_version": "",
                "python_version": "",
                "remote_debugging_enabled": false,
                "remote_debugging_version": "VS2022",
                "scm_ip_restriction": [],
                "scm_type": "None",
                "scm_use_main_ip_restriction": false,
                "use_32_bit_worker_process": false,
                "vnet_route_all_enabled": false,
                "websockets_enabled": false,
                "windows_fx_version": ""
              }
            ],
            "site_credential": [
              {
                "password": "x1rfq4xjenAtbrcLyDiurwzit4DQTo6iAol4TYTH2iEFbL7y5azhidYSvcx4",
                "username": "$expense-recorder-webapp123__staging"
              }
            ],
            "storage_account": [],
            "tags": null,
            "timeouts": null
          },
          "sensitive_attributes": [],
          "identity_schema_version": 0,
          "private": "eyJlMmJmYjczMC1lY2FhLTExZTYtOGY4OC0zNDM2M2JjN2M0YzAiOnsiY3JlYXRlIjoxODAwMDAwMDAwMDAwLCJkZWxldGUiOjE4MDAwMDAwMDAwMDAsInJlYWQiOjMwMDAwMDAwMDAwMCwidXBkYXRlIjoxODAwMDAwMDAwMDAwfX0=",
          "dependencies": [
            "azurerm_app_service.app",
            "azurerm_app_service_plan.plan",
            "azurerm_resource_group.rg"
          ]
        }
      ]
    },
    {
      "mode": "managed",
      "type": "azurerm_resource_group",
      "name": "rg",
      "provider": "provider[\"registry.terraform.io/hashicorp/azurerm\"]",
      "instances": [
        {
          "schema_version": 0,
          "attributes": {
            "id": "/subscriptions/f815634a-f591-4eb8-80df-fbcedf4290d6/resourceGroups/rg-expense-recorder",
            "location": "centralindia",
            "managed_by": "",
            "name": "rg-expense-recorder",
            "tags": null,
            "timeouts": null
          },
          "sensitive_attributes": [],
          "identity_schema_version": 0,
          "private": "eyJlMmJmYjczMC1lY2FhLTExZTYtOGY4OC0zNDM2M2JjN2M0YzAiOnsiY3JlYXRlIjo1NDAwMDAwMDAwMDAwLCJkZWxldGUiOjU0MDAwMDAwMDAwMDAsInJlYWQiOjMwMDAwMDAwMDAwMCwidXBkYXRlIjo1NDAwMDAwMDAwMDAwfX0="
        }
      ]
    }
  ],
  "check_results": null
}
